<?xml version="1.0"?>
<Project ToolsVersion="4.0" xmlns="http://schemas.microsoft.com/developer/msbuild/2003">
	<ItemGroup>
		<ClCompile Include="src\ofApp.cpp">
			<Filter>src</Filter>
		</ClCompile>
		<ClCompile Include="src\main.cpp">
			<Filter>src</Filter>
		</ClCompile>
		<ClCompile Include="src\main.cpp">
			<Filter>src</Filter>
		</ClCompile>
		<ClCompile Include="src\ofApp.cpp">
			<Filter>src</Filter>
		</ClCompile>
		<ClCompile Include="..\..\..\addons\ofxSplashScreen\src\ofxSplashScreen.cpp">
			<Filter>addons\ofxSplashScreen\src</Filter>
		</ClCompile>
		<ClCompile Include="..\..\..\addons\ofxSvg\src\ofxSvg.cpp">
			<Filter>addons\ofxSvg\src</Filter>
		</ClCompile>
		<ClCompile Include="..\..\..\addons\ofxUIUtils\src\ofxClipboard.cpp">
			<Filter>addons\ofxUIUtils\src</Filter>
		</ClCompile>
		<ClCompile Include="..\..\..\addons\ofxUIUtils\src\ofxColorPicker.cpp">
			<Filter>addons\ofxUIUtils\src</Filter>
		</ClCompile>
		<ClCompile Include="..\..\..\addons\ofxUIUtils\src\ofxDropDownMenu.cpp">
			<Filter>addons\ofxUIUtils\src</Filter>
		</ClCompile>
		<ClCompile Include="..\..\..\addons\ofxUIUtils\src\ofxImgButton.cpp">
			<Filter>addons\ofxUIUtils\src</Filter>
		</ClCompile>
		<ClCompile Include="..\..\..\addons\ofxUIUtils\src\ofxTextInputField.cpp">
			<Filter>addons\ofxUIUtils\src</Filter>
		</ClCompile>
		<ClCompile Include="..\..\..\addons\ofxUIUtils\src\ofxUIButton.cpp">
			<Filter>addons\ofxUIUtils\src</Filter>
		</ClCompile>
		<ClCompile Include="..\..\..\addons\ofxUIUtils\src\ofxUISlider.cpp">
			<Filter>addons\ofxUIUtils\src</Filter>
		</ClCompile>
	</ItemGroup>
	<ItemGroup>
		<Filter Include="src">
			<UniqueIdentifier>{d8376475-7454-4a24-b08a-aac121d3ad6f}</UniqueIdentifier>
		</Filter>
		<Filter Include="addons">
			<UniqueIdentifier>{71834F65-F3A9-211E-73B8-DC85}</UniqueIdentifier>
		</Filter>
		<Filter Include="addons\ofxSplashScreen">
			<UniqueIdentifier>{98FE2396-46F9-5720-466F-1F45}</UniqueIdentifier>
		</Filter>
		<Filter Include="addons\ofxSplashScreen\src">
			<UniqueIdentifier>{58003DEF-21B7-2917-3910-BC1D}</UniqueIdentifier>
		</Filter>
		<Filter Include="addons\ofxSvg">
			<UniqueIdentifier>{3DD76815-827C-5F89-582D-2CF4}</UniqueIdentifier>
		</Filter>
		<Filter Include="addons\ofxSvg\src">
			<UniqueIdentifier>{6A00B88F-1ADB-BB17-8276-ED19}</UniqueIdentifier>
		</Filter>
		<Filter Include="addons\ofxSvg\libs">
			<UniqueIdentifier>{C226E9C6-88C9-1F12-D422-3DA3}</UniqueIdentifier>
		</Filter>
		<Filter Include="addons\ofxSvg\libs\libxml2">
			<UniqueIdentifier>{2C442542-20AF-917D-3852-0023}</UniqueIdentifier>
		</Filter>
		<Filter Include="addons\ofxSvg\libs\libxml2\include">
			<UniqueIdentifier>{738D0032-DFA1-33F3-D2B4-EA0A}</UniqueIdentifier>
		</Filter>
		<Filter Include="addons\ofxSvg\libs\libxml2\include\libxml">
			<UniqueIdentifier>{21145FAE-24D9-8981-96DC-87F0}</UniqueIdentifier>
		</Filter>
		<Filter Include="addons\ofxSvg\libs\svgtiny">
			<UniqueIdentifier>{972ABAEB-89C4-B27D-0968-4ED1}</UniqueIdentifier>
		</Filter>
		<Filter Include="addons\ofxSvg\libs\svgtiny\include">
			<UniqueIdentifier>{F663B0D8-0BED-1137-B2BC-17B3}</UniqueIdentifier>
		</Filter>
		<Filter Include="addons\ofxUIUtils">
			<UniqueIdentifier>{3E53EA35-838B-2D4E-53B0-5EBC}</UniqueIdentifier>
		</Filter>
		<Filter Include="addons\ofxUIUtils\src">
			<UniqueIdentifier>{DA8E9DF1-64BD-6852-C279-758D}</UniqueIdentifier>
		</Filter>
	</ItemGroup>
	<ItemGroup>
		<ClInclude Include="src\ofApp.h">
			<Filter>src</Filter>
		</ClInclude>
		<ClInclude Include="src\ofApp.h">
			<Filter>src</Filter>
		</ClInclude>
		<ClInclude Include="..\..\..\addons\ofxSplashScreen\src\ofxSplashScreen.h">
			<Filter>addons\ofxSplashScreen\src</Filter>
		</ClInclude>
		<ClInclude Include="..\..\..\addons\ofxSvg\src\ofxSvg.h">
			<Filter>addons\ofxSvg\src</Filter>
		</ClInclude>
		<ClInclude Include="..\..\..\addons\ofxSvg\libs\libxml2\include\libxml\c14n.h">
			<Filter>addons\ofxSvg\libs\libxml2\include\libxml</Filter>
		</ClInclude>
		<ClInclude Include="..\..\..\addons\ofxSvg\libs\libxml2\include\libxml\catalog.h">
			<Filter>addons\ofxSvg\libs\libxml2\include\libxml</Filter>
		</ClInclude>
		<ClInclude Include="..\..\..\addons\ofxSvg\libs\libxml2\include\libxml\chvalid.h">
			<Filter>addons\ofxSvg\libs\libxml2\include\libxml</Filter>
		</ClInclude>
		<ClInclude Include="..\..\..\addons\ofxSvg\libs\libxml2\include\libxml\debugXML.h">
			<Filter>addons\ofxSvg\libs\libxml2\include\libxml</Filter>
		</ClInclude>
		<ClInclude Include="..\..\..\addons\ofxSvg\libs\libxml2\include\libxml\dict.h">
			<Filter>addons\ofxSvg\libs\libxml2\include\libxml</Filter>
		</ClInclude>
		<ClInclude Include="..\..\..\addons\ofxSvg\libs\libxml2\include\libxml\DOCBparser.h">
			<Filter>addons\ofxSvg\libs\libxml2\include\libxml</Filter>
		</ClInclude>
		<ClInclude Include="..\..\..\addons\ofxSvg\libs\libxml2\include\libxml\encoding.h">
			<Filter>addons\ofxSvg\libs\libxml2\include\libxml</Filter>
		</ClInclude>
		<ClInclude Include="..\..\..\addons\ofxSvg\libs\libxml2\include\libxml\entities.h">
			<Filter>addons\ofxSvg\libs\libxml2\include\libxml</Filter>
		</ClInclude>
		<ClInclude Include="..\..\..\addons\ofxSvg\libs\libxml2\include\libxml\globals.h">
			<Filter>addons\ofxSvg\libs\libxml2\include\libxml</Filter>
		</ClInclude>
		<ClInclude Include="..\..\..\addons\ofxSvg\libs\libxml2\include\libxml\hash.h">
			<Filter>addons\ofxSvg\libs\libxml2\include\libxml</Filter>
		</ClInclude>
		<ClInclude Include="..\..\..\addons\ofxSvg\libs\libxml2\include\libxml\HTMLparser.h">
			<Filter>addons\ofxSvg\libs\libxml2\include\libxml</Filter>
		</ClInclude>
		<ClInclude Include="..\..\..\addons\ofxSvg\libs\libxml2\include\libxml\HTMLtree.h">
			<Filter>addons\ofxSvg\libs\libxml2\include\libxml</Filter>
		</ClInclude>
		<ClInclude Include="..\..\..\addons\ofxSvg\libs\libxml2\include\libxml\list.h">
			<Filter>addons\ofxSvg\libs\libxml2\include\libxml</Filter>
		</ClInclude>
		<ClInclude Include="..\..\..\addons\ofxSvg\libs\libxml2\include\libxml\nanoftp.h">
			<Filter>addons\ofxSvg\libs\libxml2\include\libxml</Filter>
		</ClInclude>
		<ClInclude Include="..\..\..\addons\ofxSvg\libs\libxml2\include\libxml\nanohttp.h">
			<Filter>addons\ofxSvg\libs\libxml2\include\libxml</Filter>
		</ClInclude>
		<ClInclude Include="..\..\..\addons\ofxSvg\libs\libxml2\include\libxml\parser.h">
			<Filter>addons\ofxSvg\libs\libxml2\include\libxml</Filter>
		</ClInclude>
		<ClInclude Include="..\..\..\addons\ofxSvg\libs\libxml2\include\libxml\parserInternals.h">
			<Filter>addons\ofxSvg\libs\libxml2\include\libxml</Filter>
		</ClInclude>
		<ClInclude Include="..\..\..\addons\ofxSvg\libs\libxml2\include\libxml\pattern.h">
			<Filter>addons\ofxSvg\libs\libxml2\include\libxml</Filter>
		</ClInclude>
		<ClInclude Include="..\..\..\addons\ofxSvg\libs\libxml2\include\libxml\relaxng.h">
			<Filter>addons\ofxSvg\libs\libxml2\include\libxml</Filter>
		</ClInclude>
		<ClInclude Include="..\..\..\addons\ofxSvg\libs\libxml2\include\libxml\SAX.h">
			<Filter>addons\ofxSvg\libs\libxml2\include\libxml</Filter>
		</ClInclude>
		<ClInclude Include="..\..\..\addons\ofxSvg\libs\libxml2\include\libxml\SAX2.h">
			<Filter>addons\ofxSvg\libs\libxml2\include\libxml</Filter>
		</ClInclude>
		<ClInclude Include="..\..\..\addons\ofxSvg\libs\libxml2\include\libxml\schemasInternals.h">
			<Filter>addons\ofxSvg\libs\libxml2\include\libxml</Filter>
		</ClInclude>
		<ClInclude Include="..\..\..\addons\ofxSvg\libs\libxml2\include\libxml\schematron.h">
			<Filter>addons\ofxSvg\libs\libxml2\include\libxml</Filter>
		</ClInclude>
		<ClInclude Include="..\..\..\addons\ofxSvg\libs\libxml2\include\libxml\threads.h">
			<Filter>addons\ofxSvg\libs\libxml2\include\libxml</Filter>
		</ClInclude>
		<ClInclude Include="..\..\..\addons\ofxSvg\libs\libxml2\include\libxml\tree.h">
			<Filter>addons\ofxSvg\libs\libxml2\include\libxml</Filter>
		</ClInclude>
		<ClInclude Include="..\..\..\addons\ofxSvg\libs\libxml2\include\libxml\uri.h">
			<Filter>addons\ofxSvg\libs\libxml2\include\libxml</Filter>
		</ClInclude>
		<ClInclude Include="..\..\..\addons\ofxSvg\libs\libxml2\include\libxml\valid.h">
			<Filter>addons\ofxSvg\libs\libxml2\include\libxml</Filter>
		</ClInclude>
		<ClInclude Include="..\..\..\addons\ofxSvg\libs\libxml2\include\libxml\xinclude.h">
			<Filter>addons\ofxSvg\libs\libxml2\include\libxml</Filter>
		</ClInclude>
		<ClInclude Include="..\..\..\addons\ofxSvg\libs\libxml2\include\libxml\xlink.h">
			<Filter>addons\ofxSvg\libs\libxml2\include\libxml</Filter>
		</ClInclude>
		<ClInclude Include="..\..\..\addons\ofxSvg\libs\libxml2\include\libxml\xmlautomata.h">
			<Filter>addons\ofxSvg\libs\libxml2\include\libxml</Filter>
		</ClInclude>
		<ClInclude Include="..\..\..\addons\ofxSvg\libs\libxml2\include\libxml\xmlerror.h">
			<Filter>addons\ofxSvg\libs\libxml2\include\libxml</Filter>
		</ClInclude>
		<ClInclude Include="..\..\..\addons\ofxSvg\libs\libxml2\include\libxml\xmlexports.h">
			<Filter>addons\ofxSvg\libs\libxml2\include\libxml</Filter>
		</ClInclude>
		<ClInclude Include="..\..\..\addons\ofxSvg\libs\libxml2\include\libxml\xmlIO.h">
			<Filter>addons\ofxSvg\libs\libxml2\include\libxml</Filter>
		</ClInclude>
		<ClInclude Include="..\..\..\addons\ofxSvg\libs\libxml2\include\libxml\xmlmemory.h">
			<Filter>addons\ofxSvg\libs\libxml2\include\libxml</Filter>
		</ClInclude>
		<ClInclude Include="..\..\..\addons\ofxSvg\libs\libxml2\include\libxml\xmlmodule.h">
			<Filter>addons\ofxSvg\libs\libxml2\include\libxml</Filter>
		</ClInclude>
		<ClInclude Include="..\..\..\addons\ofxSvg\libs\libxml2\include\libxml\xmlreader.h">
			<Filter>addons\ofxSvg\libs\libxml2\include\libxml</Filter>
		</ClInclude>
		<ClInclude Include="..\..\..\addons\ofxSvg\libs\libxml2\include\libxml\xmlregexp.h">
			<Filter>addons\ofxSvg\libs\libxml2\include\libxml</Filter>
		</ClInclude>
		<ClInclude Include="..\..\..\addons\ofxSvg\libs\libxml2\include\libxml\xmlsave.h">
			<Filter>addons\ofxSvg\libs\libxml2\include\libxml</Filter>
		</ClInclude>
		<ClInclude Include="..\..\..\addons\ofxSvg\libs\libxml2\include\libxml\xmlschemas.h">
			<Filter>addons\ofxSvg\libs\libxml2\include\libxml</Filter>
		</ClInclude>
		<ClInclude Include="..\..\..\addons\ofxSvg\libs\libxml2\include\libxml\xmlschemastypes.h">
			<Filter>addons\ofxSvg\libs\libxml2\include\libxml</Filter>
		</ClInclude>
		<ClInclude Include="..\..\..\addons\ofxSvg\libs\libxml2\include\libxml\xmlstring.h">
			<Filter>addons\ofxSvg\libs\libxml2\include\libxml</Filter>
		</ClInclude>
		<ClInclude Include="..\..\..\addons\ofxSvg\libs\libxml2\include\libxml\xmlunicode.h">
			<Filter>addons\ofxSvg\libs\libxml2\include\libxml</Filter>
		</ClInclude>
		<ClInclude Include="..\..\..\addons\ofxSvg\libs\libxml2\include\libxml\xmlversion.h">
			<Filter>addons\ofxSvg\libs\libxml2\include\libxml</Filter>
		</ClInclude>
		<ClInclude Include="..\..\..\addons\ofxSvg\libs\libxml2\include\libxml\xmlwriter.h">
			<Filter>addons\ofxSvg\libs\libxml2\include\libxml</Filter>
		</ClInclude>
		<ClInclude Include="..\..\..\addons\ofxSvg\libs\libxml2\include\libxml\xpath.h">
			<Filter>addons\ofxSvg\libs\libxml2\include\libxml</Filter>
		</ClInclude>
		<ClInclude Include="..\..\..\addons\ofxSvg\libs\libxml2\include\libxml\xpathInternals.h">
			<Filter>addons\ofxSvg\libs\libxml2\include\libxml</Filter>
		</ClInclude>
		<ClInclude Include="..\..\..\addons\ofxSvg\libs\libxml2\include\libxml\xpointer.h">
			<Filter>addons\ofxSvg\libs\libxml2\include\libxml</Filter>
		</ClInclude>
		<ClInclude Include="..\..\..\addons\ofxSvg\libs\svgtiny\include\svgtiny.h">
			<Filter>addons\ofxSvg\libs\svgtiny\include</Filter>
		</ClInclude>
		<ClInclude Include="..\..\..\addons\ofxUIUtils\src\ofxClipboard.h">
			<Filter>addons\ofxUIUtils\src</Filter>
		</ClInclude>
		<ClInclude Include="..\..\..\addons\ofxUIUtils\src\ofxColorPicker.h">
			<Filter>addons\ofxUIUtils\src</Filter>
		</ClInclude>
		<ClInclude Include="..\..\..\addons\ofxUIUtils\src\ofxDropDownMenu.h">
			<Filter>addons\ofxUIUtils\src</Filter>
		</ClInclude>
		<ClInclude Include="..\..\..\addons\ofxUIUtils\src\ofxImgButton.h">
			<Filter>addons\ofxUIUtils\src</Filter>
		</ClInclude>
		<ClInclude Include="..\..\..\addons\ofxUIUtils\src\ofxTextInputField.h">
			<Filter>addons\ofxUIUtils\src</Filter>
		</ClInclude>
		<ClInclude Include="..\..\..\addons\ofxUIUtils\src\ofxUIButton.h">
			<Filter>addons\ofxUIUtils\src</Filter>
		</ClInclude>
		<ClInclude Include="..\..\..\addons\ofxUIUtils\src\ofxUIFontRenderer.h">
			<Filter>addons\ofxUIUtils\src</Filter>
		</ClInclude>
		<ClInclude Include="..\..\..\addons\ofxUIUtils\src\ofxUISlider.h">
			<Filter>addons\ofxUIUtils\src</Filter>
		</ClInclude>
		<ClInclude Include="..\..\..\addons\ofxUIUtils\src\ofxUIUtils.h">
			<Filter>addons\ofxUIUtils\src</Filter>
		</ClInclude>
	</ItemGroup>
	<ItemGroup>
		<ResourceCompile Include="icon.rc" />
	</ItemGroup>
</Project>
